
Microsoft Visual Studio Solution File, Format Version 12.00
# Visual Studio 2013
VisualStudioVersion = 12.0.30501.0
MinimumVisualStudioVersion = 10.0.40219.1
Project("{8BC9CEB8-8B4A-11D0-8D11-00A0C91BC942}") = "Password-Revealer", "Password-Revealer\Password-Revealer.vcxproj", "{D25AE50C-0D0D-4D9F-A15A-1C396E80AEEF}"
	ProjectSection(ProjectDependencies) = postProject
		{DB6F723A-640C-43F1-B6A7-0D007B9C3091} = {DB6F723A-640C-43F1-B6A7-0D007B9C3091}
	EndProjectSection
EndProject
Project("{8BC9CEB8-8B4A-11D0-8D11-00A0C91BC942}") = "Password-Revealer-DLL", "Password-Revealer-DLL\Password-Revealer-DLL.vcxproj", "{DB6F723A-640C-43F1-B6A7-0D007B9C3091}"
EndProject
Global
	GlobalSection(SolutionConfigurationPlatforms) = preSolution
		Debug|Win32 = Debug|Win32
		Debug|x64 = Debug|x64
		Release|Win32 = Release|Win32
		Release|x64 = Release|x64
		x64|Win32 = x64|Win32
		x64|x64 = x64|x64
	EndGlobalSection
	GlobalSection(ProjectConfigurationPlatforms) = postSolution
		{D25AE50C-0D0D-4D9F-A15A-1C396E80AEEF}.Debug|Win32.ActiveCfg = Debug|Win32
		{D25AE50C-0D0D-4D9F-A15A-1C396E80AEEF}.Debug|Win32.Build.0 = Debug|Win32
		{D25AE50C-0D0D-4D9F-A15A-1C396E80AEEF}.Debug|x64.ActiveCfg = Debug|Win32
		{D25AE50C-0D0D-4D9F-A15A-1C396E80AEEF}.Release|Win32.ActiveCfg = Release|Win32
		{D25AE50C-0D0D-4D9F-A15A-1C396E80AEEF}.Release|Win32.Build.0 = Release|Win32
		{D25AE50C-0D0D-4D9F-A15A-1C396E80AEEF}.Release|x64.ActiveCfg = Release|Win32
		{D25AE50C-0D0D-4D9F-A15A-1C396E80AEEF}.x64|Win32.ActiveCfg = Release|Win32
		{D25AE50C-0D0D-4D9F-A15A-1C396E80AEEF}.x64|Win32.Build.0 = Release|Win32
		{D25AE50C-0D0D-4D9F-A15A-1C396E80AEEF}.x64|x64.ActiveCfg = Release|Win32
		{DB6F723A-640C-43F1-B6A7-0D007B9C3091}.Debug|Win32.ActiveCfg = Debug|Win32
		{DB6F723A-640C-43F1-B6A7-0D007B9C3091}.Debug|Win32.Build.0 = Debug|Win32
		{DB6F723A-640C-43F1-B6A7-0D007B9C3091}.Debug|x64.ActiveCfg = Debug|Win32
		{DB6F723A-640C-43F1-B6A7-0D007B9C3091}.Release|Win32.ActiveCfg = Release|Win32
		{DB6F723A-640C-43F1-B6A7-0D007B9C3091}.Release|Win32.Build.0 = Release|Win32
		{DB6F723A-640C-43F1-B6A7-0D007B9C3091}.Release|x64.ActiveCfg = Release|Win32
		{DB6F723A-640C-43F1-B6A7-0D007B9C3091}.x64|Win32.ActiveCfg = Release|Win32
		{DB6F723A-640C-43F1-B6A7-0D007B9C3091}.x64|Win32.Build.0 = Release|Win32
		{DB6F723A-640C-43F1-B6A7-0D007B9C3091}.x64|x64.ActiveCfg = Release|Win32
	EndGlobalSection
	GlobalSection(SolutionProperties) = preSolution
		HideSolutionNode = FALSE
	EndGlobalSection
EndGlobal
